// !$*UTF8*$!
{
	archiveVersion = 1;
	classes = {
	};
	objectVersion = 48;
	objects = {

/* Begin PBXBuildFile section */
		2D05C5C2203AD054003B9559 /* AFURLResponseSerialization.m in Sources */ = {isa = PBXBuildFile; fileRef = 2D05C5A4203AD053003B9559 /* AFURLResponseSerialization.m */; };
		2D05C5C3203AD054003B9559 /* AFHTTPSessionManager.m in Sources */ = {isa = PBXBuildFile; fileRef = 2D05C5A5203AD053003B9559 /* AFHTTPSessionManager.m */; };
		2D05C5C4203AD054003B9559 /* AFURLSessionManager.m in Sources */ = {isa = PBXBuildFile; fileRef = 2D05C5A7203AD053003B9559 /* AFURLSessionManager.m */; };
		2D05C5C5203AD054003B9559 /* AFURLRequestSerialization.m in Sources */ = {isa = PBXBuildFile; fileRef = 2D05C5A8203AD053003B9559 /* AFURLRequestSerialization.m */; };
		2D05C5C6203AD054003B9559 /* AFNetworkReachabilityManager.m in Sources */ = {isa = PBXBuildFile; fileRef = 2D05C5AA203AD053003B9559 /* AFNetworkReachabilityManager.m */; };
		2D05C5C7203AD054003B9559 /* AFSecurityPolicy.m in Sources */ = {isa = PBXBuildFile; fileRef = 2D05C5AB203AD053003B9559 /* AFSecurityPolicy.m */; };
		2D05C600203BD79F003B9559 /* GCDAsyncSocket.m in Sources */ = {isa = PBXBuildFile; fileRef = 2D05C5FE203BD79F003B9559 /* GCDAsyncSocket.m */; };
		2D05C601203BD79F003B9559 /* GCDAsyncUdpSocket.m in Sources */ = {isa = PBXBuildFile; fileRef = 2D05C5FF203BD79F003B9559 /* GCDAsyncUdpSocket.m */; };
		2D1A2DC7202EB4C900A65088 /* CWHomeMainViewController.m in Sources */ = {isa = PBXBuildFile; fileRef = 2D1A2DC5202EB4C900A65088 /* CWHomeMainViewController.m */; };
		2D1A2DD3202EDEED00A65088 /* main.m in Sources */ = {isa = PBXBuildFile; fileRef = 2D1A2DD1202EDEED00A65088 /* main.m */; };
		2D1A2DD6202F2D2C00A65088 /* Images.xcassets in Resources */ = {isa = PBXBuildFile; fileRef = 2D1A2DD5202F2D2C00A65088 /* Images.xcassets */; };
		2D1A2DD82031E53100A65088 /* App.xcassets in Resources */ = {isa = PBXBuildFile; fileRef = 2D1A2DD72031E53100A65088 /* App.xcassets */; };
		2D1A2DEE2031E74300A65088 /* KxMenu.m in Sources */ = {isa = PBXBuildFile; fileRef = 2D1A2DE52031E74200A65088 /* KxMenu.m */; };
		2D1A2DEF2031E74300A65088 /* UIViewController+RESideMenu.m in Sources */ = {isa = PBXBuildFile; fileRef = 2D1A2DE92031E74300A65088 /* UIViewController+RESideMenu.m */; };
		2D1A2DF02031E74300A65088 /* RESideMenu.m in Sources */ = {isa = PBXBuildFile; fileRef = 2D1A2DEB2031E74300A65088 /* RESideMenu.m */; };
		2D1A2DF12031E74300A65088 /* RECommonFunctions.m in Sources */ = {isa = PBXBuildFile; fileRef = 2D1A2DED2031E74300A65088 /* RECommonFunctions.m */; };
		2D1A2E082033E96E00A65088 /* CWSideMenuViewController.m in Sources */ = {isa = PBXBuildFile; fileRef = 2D1A2E072033E96E00A65088 /* CWSideMenuViewController.m */; };
		2D7A60F2203877DA00443B9D /* CWUtilsMethod.m in Sources */ = {isa = PBXBuildFile; fileRef = 2D7A60F1203877DA00443B9D /* CWUtilsMethod.m */; };
		2D9EACC6202C453600FD17ED /* CYLPlusButton.m in Sources */ = {isa = PBXBuildFile; fileRef = 2D9EACB9202C453600FD17ED /* CYLPlusButton.m */; };
		2D9EACC7202C453600FD17ED /* CYLTabBar.m in Sources */ = {isa = PBXBuildFile; fileRef = 2D9EACBB202C453600FD17ED /* CYLTabBar.m */; };
		2D9EACC8202C453600FD17ED /* CYLTabBarController.m in Sources */ = {isa = PBXBuildFile; fileRef = 2D9EACBD202C453600FD17ED /* CYLTabBarController.m */; };
		2D9EACC9202C453600FD17ED /* UIControl+CYLTabBarControllerExtention.m in Sources */ = {isa = PBXBuildFile; fileRef = 2D9EACBF202C453600FD17ED /* UIControl+CYLTabBarControllerExtention.m */; };
		2D9EACCA202C453600FD17ED /* UITabBarItem+CYLTabBarControllerExtention.m in Sources */ = {isa = PBXBuildFile; fileRef = 2D9EACC1202C453600FD17ED /* UITabBarItem+CYLTabBarControllerExtention.m */; };
		2D9EACCB202C453600FD17ED /* UIView+CYLTabBarControllerExtention.m in Sources */ = {isa = PBXBuildFile; fileRef = 2D9EACC3202C453600FD17ED /* UIView+CYLTabBarControllerExtention.m */; };
		2D9EACCC202C453600FD17ED /* UIViewController+CYLTabBarControllerExtention.m in Sources */ = {isa = PBXBuildFile; fileRef = 2D9EACC5202C453600FD17ED /* UIViewController+CYLTabBarControllerExtention.m */; };
		2DF1219E2010991F006EBDC4 /* CWAppTests.m in Sources */ = {isa = PBXBuildFile; fileRef = 2DF1219D2010991F006EBDC4 /* CWAppTests.m */; };
		2DF121A92010991F006EBDC4 /* CWAppUITests.m in Sources */ = {isa = PBXBuildFile; fileRef = 2DF121A82010991F006EBDC4 /* CWAppUITests.m */; };
		2DF121C22011B8ED006EBDC4 /* CWBaseViewController.m in Sources */ = {isa = PBXBuildFile; fileRef = 2DF121C12011B8ED006EBDC4 /* CWBaseViewController.m */; };
		2DF121C52011B914006EBDC4 /* CWBaseNavigationController.m in Sources */ = {isa = PBXBuildFile; fileRef = 2DF121C42011B914006EBDC4 /* CWBaseNavigationController.m */; };
		2DF121C82011B93C006EBDC4 /* CWUtils.m in Sources */ = {isa = PBXBuildFile; fileRef = 2DF121C72011B93C006EBDC4 /* CWUtils.m */; };
		2DF121D22011D05E006EBDC4 /* AppDelegate.m in Sources */ = {isa = PBXBuildFile; fileRef = 2DF121D02011D05E006EBDC4 /* AppDelegate.m */; };
		2DF121D52011D0BE006EBDC4 /* CWNavigationController.m in Sources */ = {isa = PBXBuildFile; fileRef = 2DF121D42011D0BE006EBDC4 /* CWNavigationController.m */; };
		2DF121DE2011D184006EBDC4 /* CWTabBarController.m in Sources */ = {isa = PBXBuildFile; fileRef = 2DF121DD2011D184006EBDC4 /* CWTabBarController.m */; };
		2DF121E72011D47F006EBDC4 /* CWBaseHomeViewController.m in Sources */ = {isa = PBXBuildFile; fileRef = 2DF121E62011D47F006EBDC4 /* CWBaseHomeViewController.m */; };
		2DF1221A2011F707006EBDC4 /* CWPlaceHolder.m in Sources */ = {isa = PBXBuildFile; fileRef = 2DF122152011F707006EBDC4 /* CWPlaceHolder.m */; };
/* End PBXBuildFile section */

/* Begin PBXContainerItemProxy section */
		2DF1219A2010991F006EBDC4 /* PBXContainerItemProxy */ = {
			isa = PBXContainerItemProxy;
			containerPortal = 2DF121792010991F006EBDC4 /* Project object */;
			proxyType = 1;
			remoteGlobalIDString = 2DF121802010991F006EBDC4;
			remoteInfo = CWApp;
		};
		2DF121A52010991F006EBDC4 /* PBXContainerItemProxy */ = {
			isa = PBXContainerItemProxy;
			containerPortal = 2DF121792010991F006EBDC4 /* Project object */;
			proxyType = 1;
			remoteGlobalIDString = 2DF121802010991F006EBDC4;
			remoteInfo = CWApp;
		};
/* End PBXContainerItemProxy section */

/* Begin PBXFileReference section */
		2D05C5A0203AD053003B9559 /* AFSecurityPolicy.h */ = {isa = PBXFileReference; fileEncoding = 4; lastKnownFileType = sourcecode.c.h; path = AFSecurityPolicy.h; sourceTree = "<group>"; };
		2D05C5A1203AD053003B9559 /* AFNetworkReachabilityManager.h */ = {isa = PBXFileReference; fileEncoding = 4; lastKnownFileType = sourcecode.c.h; path = AFNetworkReachabilityManager.h; sourceTree = "<group>"; };
		2D05C5A2203AD053003B9559 /* AFURLSessionManager.h */ = {isa = PBXFileReference; fileEncoding = 4; lastKnownFileType = sourcecode.c.h; path = AFURLSessionManager.h; sourceTree = "<group>"; };
		2D05C5A3203AD053003B9559 /* AFURLRequestSerialization.h */ = {isa = PBXFileReference; fileEncoding = 4; lastKnownFileType = sourcecode.c.h; path = AFURLRequestSerialization.h; sourceTree = "<group>"; };
		2D05C5A4203AD053003B9559 /* AFURLResponseSerialization.m */ = {isa = PBXFileReference; fileEncoding = 4; lastKnownFileType = sourcecode.c.objc; path = AFURLResponseSerialization.m; sourceTree = "<group>"; };
		2D05C5A5203AD053003B9559 /* AFHTTPSessionManager.m */ = {isa = PBXFileReference; fileEncoding = 4; lastKnownFileType = sourcecode.c.objc; path = AFHTTPSessionManager.m; sourceTree = "<group>"; };
		2D05C5A6203AD053003B9559 /* AFURLResponseSerialization.h */ = {isa = PBXFileReference; fileEncoding = 4; lastKnownFileType = sourcecode.c.h; path = AFURLResponseSerialization.h; sourceTree = "<group>"; };
		2D05C5A7203AD053003B9559 /* AFURLSessionManager.m */ = {isa = PBXFileReference; fileEncoding = 4; lastKnownFileType = sourcecode.c.objc; path = AFURLSessionManager.m; sourceTree = "<group>"; };
		2D05C5A8203AD053003B9559 /* AFURLRequestSerialization.m */ = {isa = PBXFileReference; fileEncoding = 4; lastKnownFileType = sourcecode.c.objc; path = AFURLRequestSerialization.m; sourceTree = "<group>"; };
		2D05C5A9203AD053003B9559 /* AFNetworking.h */ = {isa = PBXFileReference; fileEncoding = 4; lastKnownFileType = sourcecode.c.h; path = AFNetworking.h; sourceTree = "<group>"; };
		2D05C5AA203AD053003B9559 /* AFNetworkReachabilityManager.m */ = {isa = PBXFileReference; fileEncoding = 4; lastKnownFileType = sourcecode.c.objc; path = AFNetworkReachabilityManager.m; sourceTree = "<group>"; };
		2D05C5AB203AD053003B9559 /* AFSecurityPolicy.m */ = {isa = PBXFileReference; fileEncoding = 4; lastKnownFileType = sourcecode.c.objc; path = AFSecurityPolicy.m; sourceTree = "<group>"; };
		2D05C5AC203AD053003B9559 /* AFHTTPSessionManager.h */ = {isa = PBXFileReference; fileEncoding = 4; lastKnownFileType = sourcecode.c.h; path = AFHTTPSessionManager.h; sourceTree = "<group>"; };
		2D05C5D8203BD6C8003B9559 /* CocoaAsyncSocket.h */ = {isa = PBXFileReference; fileEncoding = 4; lastKnownFileType = sourcecode.c.h; path = CocoaAsyncSocket.h; sourceTree = "<group>"; };
		2D05C5FC203BD79F003B9559 /* GCDAsyncSocket.h */ = {isa = PBXFileReference; fileEncoding = 4; lastKnownFileType = sourcecode.c.h; path = GCDAsyncSocket.h; sourceTree = "<group>"; };
		2D05C5FD203BD79F003B9559 /* GCDAsyncUdpSocket.h */ = {isa = PBXFileReference; fileEncoding = 4; lastKnownFileType = sourcecode.c.h; path = GCDAsyncUdpSocket.h; sourceTree = "<group>"; };
		2D05C5FE203BD79F003B9559 /* GCDAsyncSocket.m */ = {isa = PBXFileReference; fileEncoding = 4; lastKnownFileType = sourcecode.c.objc; path = GCDAsyncSocket.m; sourceTree = "<group>"; };
		2D05C5FF203BD79F003B9559 /* GCDAsyncUdpSocket.m */ = {isa = PBXFileReference; fileEncoding = 4; lastKnownFileType = sourcecode.c.objc; path = GCDAsyncUdpSocket.m; sourceTree = "<group>"; };
		2D1A2DC5202EB4C900A65088 /* CWHomeMainViewController.m */ = {isa = PBXFileReference; fileEncoding = 4; lastKnownFileType = sourcecode.c.objc; path = CWHomeMainViewController.m; sourceTree = "<group>"; };
		2D1A2DC6202EB4C900A65088 /* CWHomeMainViewController.h */ = {isa = PBXFileReference; fileEncoding = 4; lastKnownFileType = sourcecode.c.h; path = CWHomeMainViewController.h; sourceTree = "<group>"; };
		2D1A2DD1202EDEED00A65088 /* main.m */ = {isa = PBXFileReference; fileEncoding = 4; lastKnownFileType = sourcecode.c.objc; path = main.m; sourceTree = "<group>"; };
		2D1A2DD2202EDEED00A65088 /* Info.plist */ = {isa = PBXFileReference; fileEncoding = 4; lastKnownFileType = text.plist.xml; path = Info.plist; sourceTree = "<group>"; };
		2D1A2DD5202F2D2C00A65088 /* Images.xcassets */ = {isa = PBXFileReference; lastKnownFileType = folder.assetcatalog; path = Images.xcassets; sourceTree = "<group>"; };
		2D1A2DD72031E53100A65088 /* App.xcassets */ = {isa = PBXFileReference; lastKnownFileType = folder.assetcatalog; path = App.xcassets; sourceTree = "<group>"; };
		2D1A2DDB2031E62400A65088 /* CWApp-Bridging-Header.h */ = {isa = PBXFileReference; lastKnownFileType = sourcecode.c.h; path = "CWApp-Bridging-Header.h"; sourceTree = "<group>"; };
		2D1A2DE52031E74200A65088 /* KxMenu.m */ = {isa = PBXFileReference; fileEncoding = 4; lastKnownFileType = sourcecode.c.objc; path = KxMenu.m; sourceTree = "<group>"; };
		2D1A2DE62031E74200A65088 /* KxMenu.h */ = {isa = PBXFileReference; fileEncoding = 4; lastKnownFileType = sourcecode.c.h; path = KxMenu.h; sourceTree = "<group>"; };
		2D1A2DE82031E74300A65088 /* RESideMenu.h */ = {isa = PBXFileReference; fileEncoding = 4; lastKnownFileType = sourcecode.c.h; path = RESideMenu.h; sourceTree = "<group>"; };
		2D1A2DE92031E74300A65088 /* UIViewController+RESideMenu.m */ = {isa = PBXFileReference; fileEncoding = 4; lastKnownFileType = sourcecode.c.objc; path = "UIViewController+RESideMenu.m"; sourceTree = "<group>"; };
		2D1A2DEA2031E74300A65088 /* RECommonFunctions.h */ = {isa = PBXFileReference; fileEncoding = 4; lastKnownFileType = sourcecode.c.h; path = RECommonFunctions.h; sourceTree = "<group>"; };
		2D1A2DEB2031E74300A65088 /* RESideMenu.m */ = {isa = PBXFileReference; fileEncoding = 4; lastKnownFileType = sourcecode.c.objc; path = RESideMenu.m; sourceTree = "<group>"; };
		2D1A2DEC2031E74300A65088 /* UIViewController+RESideMenu.h */ = {isa = PBXFileReference; fileEncoding = 4; lastKnownFileType = sourcecode.c.h; path = "UIViewController+RESideMenu.h"; sourceTree = "<group>"; };
		2D1A2DED2031E74300A65088 /* RECommonFunctions.m */ = {isa = PBXFileReference; fileEncoding = 4; lastKnownFileType = sourcecode.c.objc; path = RECommonFunctions.m; sourceTree = "<group>"; };
		2D1A2E062033E96E00A65088 /* CWSideMenuViewController.h */ = {isa = PBXFileReference; lastKnownFileType = sourcecode.c.h; path = CWSideMenuViewController.h; sourceTree = "<group>"; };
		2D1A2E072033E96E00A65088 /* CWSideMenuViewController.m */ = {isa = PBXFileReference; lastKnownFileType = sourcecode.c.objc; path = CWSideMenuViewController.m; sourceTree = "<group>"; };
		2D7A60F0203877DA00443B9D /* CWUtilsMethod.h */ = {isa = PBXFileReference; lastKnownFileType = sourcecode.c.h; path = CWUtilsMethod.h; sourceTree = "<group>"; };
		2D7A60F1203877DA00443B9D /* CWUtilsMethod.m */ = {isa = PBXFileReference; lastKnownFileType = sourcecode.c.objc; path = CWUtilsMethod.m; sourceTree = "<group>"; };
		2D7A60F42038784E00443B9D /* CWUtilsMacros.h */ = {isa = PBXFileReference; lastKnownFileType = sourcecode.c.h; path = CWUtilsMacros.h; sourceTree = "<group>"; };
		2D7A60F82039286300443B9D /* CWApp-Prefix.pch */ = {isa = PBXFileReference; lastKnownFileType = sourcecode.c.h; path = "CWApp-Prefix.pch"; sourceTree = "<group>"; };
		2D9EACB7202C453600FD17ED /* CYLConstants.h */ = {isa = PBXFileReference; fileEncoding = 4; lastKnownFileType = sourcecode.c.h; path = CYLConstants.h; sourceTree = "<group>"; };
		2D9EACB8202C453600FD17ED /* CYLPlusButton.h */ = {isa = PBXFileReference; fileEncoding = 4; lastKnownFileType = sourcecode.c.h; path = CYLPlusButton.h; sourceTree = "<group>"; };
		2D9EACB9202C453600FD17ED /* CYLPlusButton.m */ = {isa = PBXFileReference; fileEncoding = 4; lastKnownFileType = sourcecode.c.objc; path = CYLPlusButton.m; sourceTree = "<group>"; };
		2D9EACBA202C453600FD17ED /* CYLTabBar.h */ = {isa = PBXFileReference; fileEncoding = 4; lastKnownFileType = sourcecode.c.h; path = CYLTabBar.h; sourceTree = "<group>"; };
		2D9EACBB202C453600FD17ED /* CYLTabBar.m */ = {isa = PBXFileReference; fileEncoding = 4; lastKnownFileType = sourcecode.c.objc; path = CYLTabBar.m; sourceTree = "<group>"; };
		2D9EACBC202C453600FD17ED /* CYLTabBarController.h */ = {isa = PBXFileReference; fileEncoding = 4; lastKnownFileType = sourcecode.c.h; path = CYLTabBarController.h; sourceTree = "<group>"; };
		2D9EACBD202C453600FD17ED /* CYLTabBarController.m */ = {isa = PBXFileReference; fileEncoding = 4; lastKnownFileType = sourcecode.c.objc; path = CYLTabBarController.m; sourceTree = "<group>"; };
		2D9EACBE202C453600FD17ED /* UIControl+CYLTabBarControllerExtention.h */ = {isa = PBXFileReference; fileEncoding = 4; lastKnownFileType = sourcecode.c.h; path = "UIControl+CYLTabBarControllerExtention.h"; sourceTree = "<group>"; };
		2D9EACBF202C453600FD17ED /* UIControl+CYLTabBarControllerExtention.m */ = {isa = PBXFileReference; fileEncoding = 4; lastKnownFileType = sourcecode.c.objc; path = "UIControl+CYLTabBarControllerExtention.m"; sourceTree = "<group>"; };
		2D9EACC0202C453600FD17ED /* UITabBarItem+CYLTabBarControllerExtention.h */ = {isa = PBXFileReference; fileEncoding = 4; lastKnownFileType = sourcecode.c.h; path = "UITabBarItem+CYLTabBarControllerExtention.h"; sourceTree = "<group>"; };
		2D9EACC1202C453600FD17ED /* UITabBarItem+CYLTabBarControllerExtention.m */ = {isa = PBXFileReference; fileEncoding = 4; lastKnownFileType = sourcecode.c.objc; path = "UITabBarItem+CYLTabBarControllerExtention.m"; sourceTree = "<group>"; };
		2D9EACC2202C453600FD17ED /* UIView+CYLTabBarControllerExtention.h */ = {isa = PBXFileReference; fileEncoding = 4; lastKnownFileType = sourcecode.c.h; path = "UIView+CYLTabBarControllerExtention.h"; sourceTree = "<group>"; };
		2D9EACC3202C453600FD17ED /* UIView+CYLTabBarControllerExtention.m */ = {isa = PBXFileReference; fileEncoding = 4; lastKnownFileType = sourcecode.c.objc; path = "UIView+CYLTabBarControllerExtention.m"; sourceTree = "<group>"; };
		2D9EACC4202C453600FD17ED /* UIViewController+CYLTabBarControllerExtention.h */ = {isa = PBXFileReference; fileEncoding = 4; lastKnownFileType = sourcecode.c.h; path = "UIViewController+CYLTabBarControllerExtention.h"; sourceTree = "<group>"; };
		2D9EACC5202C453600FD17ED /* UIViewController+CYLTabBarControllerExtention.m */ = {isa = PBXFileReference; fileEncoding = 4; lastKnownFileType = sourcecode.c.objc; path = "UIViewController+CYLTabBarControllerExtention.m"; sourceTree = "<group>"; };
		2DF121812010991F006EBDC4 /* CWApp.app */ = {isa = PBXFileReference; explicitFileType = wrapper.application; includeInIndex = 0; path = CWApp.app; sourceTree = BUILT_PRODUCTS_DIR; };
		2DF121992010991F006EBDC4 /* CWAppTests.xctest */ = {isa = PBXFileReference; explicitFileType = wrapper.cfbundle; includeInIndex = 0; path = CWAppTests.xctest; sourceTree = BUILT_PRODUCTS_DIR; };
		2DF1219D2010991F006EBDC4 /* CWAppTests.m */ = {isa = PBXFileReference; lastKnownFileType = sourcecode.c.objc; path = CWAppTests.m; sourceTree = "<group>"; };
		2DF1219F2010991F006EBDC4 /* Info.plist */ = {isa = PBXFileReference; lastKnownFileType = text.plist.xml; path = Info.plist; sourceTree = "<group>"; };
		2DF121A42010991F006EBDC4 /* CWAppUITests.xctest */ = {isa = PBXFileReference; explicitFileType = wrapper.cfbundle; includeInIndex = 0; path = CWAppUITests.xctest; sourceTree = BUILT_PRODUCTS_DIR; };
		2DF121A82010991F006EBDC4 /* CWAppUITests.m */ = {isa = PBXFileReference; lastKnownFileType = sourcecode.c.objc; path = CWAppUITests.m; sourceTree = "<group>"; };
		2DF121AA2010991F006EBDC4 /* Info.plist */ = {isa = PBXFileReference; lastKnownFileType = text.plist.xml; path = Info.plist; sourceTree = "<group>"; };
		2DF121C02011B8ED006EBDC4 /* CWBaseViewController.h */ = {isa = PBXFileReference; lastKnownFileType = sourcecode.c.h; path = CWBaseViewController.h; sourceTree = "<group>"; };
		2DF121C12011B8ED006EBDC4 /* CWBaseViewController.m */ = {isa = PBXFileReference; lastKnownFileType = sourcecode.c.objc; path = CWBaseViewController.m; sourceTree = "<group>"; };
		2DF121C32011B914006EBDC4 /* CWBaseNavigationController.h */ = {isa = PBXFileReference; lastKnownFileType = sourcecode.c.h; path = CWBaseNavigationController.h; sourceTree = "<group>"; };
		2DF121C42011B914006EBDC4 /* CWBaseNavigationController.m */ = {isa = PBXFileReference; lastKnownFileType = sourcecode.c.objc; path = CWBaseNavigationController.m; sourceTree = "<group>"; };
		2DF121C62011B93C006EBDC4 /* CWUtils.h */ = {isa = PBXFileReference; lastKnownFileType = sourcecode.c.h; path = CWUtils.h; sourceTree = "<group>"; };
		2DF121C72011B93C006EBDC4 /* CWUtils.m */ = {isa = PBXFileReference; lastKnownFileType = sourcecode.c.objc; path = CWUtils.m; sourceTree = "<group>"; };
		2DF121D02011D05E006EBDC4 /* AppDelegate.m */ = {isa = PBXFileReference; fileEncoding = 4; lastKnownFileType = sourcecode.c.objc; path = AppDelegate.m; sourceTree = "<group>"; };
		2DF121D12011D05E006EBDC4 /* AppDelegate.h */ = {isa = PBXFileReference; fileEncoding = 4; lastKnownFileType = sourcecode.c.h; path = AppDelegate.h; sourceTree = "<group>"; };
		2DF121D32011D0BE006EBDC4 /* CWNavigationController.h */ = {isa = PBXFileReference; lastKnownFileType = sourcecode.c.h; path = CWNavigationController.h; sourceTree = "<group>"; };
		2DF121D42011D0BE006EBDC4 /* CWNavigationController.m */ = {isa = PBXFileReference; lastKnownFileType = sourcecode.c.objc; path = CWNavigationController.m; sourceTree = "<group>"; };
		2DF121DC2011D184006EBDC4 /* CWTabBarController.h */ = {isa = PBXFileReference; lastKnownFileType = sourcecode.c.h; path = CWTabBarController.h; sourceTree = "<group>"; };
		2DF121DD2011D184006EBDC4 /* CWTabBarController.m */ = {isa = PBXFileReference; lastKnownFileType = sourcecode.c.objc; path = CWTabBarController.m; sourceTree = "<group>"; };
		2DF121E52011D47F006EBDC4 /* CWBaseHomeViewController.h */ = {isa = PBXFileReference; lastKnownFileType = sourcecode.c.h; path = CWBaseHomeViewController.h; sourceTree = "<group>"; };
		2DF121E62011D47F006EBDC4 /* CWBaseHomeViewController.m */ = {isa = PBXFileReference; lastKnownFileType = sourcecode.c.objc; path = CWBaseHomeViewController.m; sourceTree = "<group>"; };
		2DF121EF2011F683006EBDC4 /* CWPlaceHolder.h */ = {isa = PBXFileReference; lastKnownFileType = sourcecode.c.h; path = CWPlaceHolder.h; sourceTree = "<group>"; };
		2DF121F02011F683006EBDC4 /* CWPlaceHolder.m */ = {isa = PBXFileReference; lastKnownFileType = sourcecode.c.objc; path = CWPlaceHolder.m; sourceTree = "<group>"; };
		2DF121F22011F6A3006EBDC4 /* CWPlaceHolder.m */ = {isa = PBXFileReference; fileEncoding = 4; lastKnownFileType = sourcecode.c.objc; path = CWPlaceHolder.m; sourceTree = "<group>"; };
		2DF121F32011F6A3006EBDC4 /* CWPlaceHolder.h */ = {isa = PBXFileReference; fileEncoding = 4; lastKnownFileType = sourcecode.c.h; path = CWPlaceHolder.h; sourceTree = "<group>"; };
		2DF121F92011F6F3006EBDC4 /* CWPlaceHolder.h */ = {isa = PBXFileReference; fileEncoding = 4; lastKnownFileType = sourcecode.c.h; path = CWPlaceHolder.h; sourceTree = "<group>"; };
		2DF121FA2011F6F3006EBDC4 /* CWPlaceHolder.m */ = {isa = PBXFileReference; fileEncoding = 4; lastKnownFileType = sourcecode.c.objc; path = CWPlaceHolder.m; sourceTree = "<group>"; };
		2DF121FC2011F6F3006EBDC4 /* CWPlaceHolder.h */ = {isa = PBXFileReference; fileEncoding = 4; lastKnownFileType = sourcecode.c.h; path = CWPlaceHolder.h; sourceTree = "<group>"; };
		2DF121FD2011F6F3006EBDC4 /* CWPlaceHolder.m */ = {isa = PBXFileReference; fileEncoding = 4; lastKnownFileType = sourcecode.c.objc; path = CWPlaceHolder.m; sourceTree = "<group>"; };
		2DF121FF2011F6F3006EBDC4 /* CWPlaceHolder.h */ = {isa = PBXFileReference; fileEncoding = 4; lastKnownFileType = sourcecode.c.h; path = CWPlaceHolder.h; sourceTree = "<group>"; };
		2DF122002011F6F3006EBDC4 /* CWPlaceHolder.m */ = {isa = PBXFileReference; fileEncoding = 4; lastKnownFileType = sourcecode.c.objc; path = CWPlaceHolder.m; sourceTree = "<group>"; };
		2DF122052011F6FF006EBDC4 /* CWPlaceHolder.h */ = {isa = PBXFileReference; fileEncoding = 4; lastKnownFileType = sourcecode.c.h; path = CWPlaceHolder.h; sourceTree = "<group>"; };
		2DF122062011F6FF006EBDC4 /* CWPlaceHolder.m */ = {isa = PBXFileReference; fileEncoding = 4; lastKnownFileType = sourcecode.c.objc; path = CWPlaceHolder.m; sourceTree = "<group>"; };
		2DF122082011F6FF006EBDC4 /* CWPlaceHolder.h */ = {isa = PBXFileReference; fileEncoding = 4; lastKnownFileType = sourcecode.c.h; path = CWPlaceHolder.h; sourceTree = "<group>"; };
		2DF122092011F6FF006EBDC4 /* CWPlaceHolder.m */ = {isa = PBXFileReference; fileEncoding = 4; lastKnownFileType = sourcecode.c.objc; path = CWPlaceHolder.m; sourceTree = "<group>"; };
		2DF1220B2011F6FF006EBDC4 /* CWPlaceHolder.h */ = {isa = PBXFileReference; fileEncoding = 4; lastKnownFileType = sourcecode.c.h; path = CWPlaceHolder.h; sourceTree = "<group>"; };
		2DF1220C2011F6FF006EBDC4 /* CWPlaceHolder.m */ = {isa = PBXFileReference; fileEncoding = 4; lastKnownFileType = sourcecode.c.objc; path = CWPlaceHolder.m; sourceTree = "<group>"; };
		2DF122112011F707006EBDC4 /* CWPlaceHolder.h */ = {isa = PBXFileReference; fileEncoding = 4; lastKnownFileType = sourcecode.c.h; path = CWPlaceHolder.h; sourceTree = "<group>"; };
		2DF122122011F707006EBDC4 /* CWPlaceHolder.m */ = {isa = PBXFileReference; fileEncoding = 4; lastKnownFileType = sourcecode.c.objc; path = CWPlaceHolder.m; sourceTree = "<group>"; };
		2DF122142011F707006EBDC4 /* CWPlaceHolder.h */ = {isa = PBXFileReference; fileEncoding = 4; lastKnownFileType = sourcecode.c.h; path = CWPlaceHolder.h; sourceTree = "<group>"; };
		2DF122152011F707006EBDC4 /* CWPlaceHolder.m */ = {isa = PBXFileReference; fileEncoding = 4; lastKnownFileType = sourcecode.c.objc; path = CWPlaceHolder.m; sourceTree = "<group>"; };
		2DF122172011F707006EBDC4 /* CWPlaceHolder.h */ = {isa = PBXFileReference; fileEncoding = 4; lastKnownFileType = sourcecode.c.h; path = CWPlaceHolder.h; sourceTree = "<group>"; };
		2DF122182011F707006EBDC4 /* CWPlaceHolder.m */ = {isa = PBXFileReference; fileEncoding = 4; lastKnownFileType = sourcecode.c.objc; path = CWPlaceHolder.m; sourceTree = "<group>"; };
		2DF1221D2011F70F006EBDC4 /* CWPlaceHolder.h */ = {isa = PBXFileReference; fileEncoding = 4; lastKnownFileType = sourcecode.c.h; path = CWPlaceHolder.h; sourceTree = "<group>"; };
		2DF1221E2011F70F006EBDC4 /* CWPlaceHolder.m */ = {isa = PBXFileReference; fileEncoding = 4; lastKnownFileType = sourcecode.c.objc; path = CWPlaceHolder.m; sourceTree = "<group>"; };
		2DF122202011F70F006EBDC4 /* CWPlaceHolder.h */ = {isa = PBXFileReference; fileEncoding = 4; lastKnownFileType = sourcecode.c.h; path = CWPlaceHolder.h; sourceTree = "<group>"; };
		2DF122212011F70F006EBDC4 /* CWPlaceHolder.m */ = {isa = PBXFileReference; fileEncoding = 4; lastKnownFileType = sourcecode.c.objc; path = CWPlaceHolder.m; sourceTree = "<group>"; };
		2DF122232011F70F006EBDC4 /* CWPlaceHolder.h */ = {isa = PBXFileReference; fileEncoding = 4; lastKnownFileType = sourcecode.c.h; path = CWPlaceHolder.h; sourceTree = "<group>"; };
		2DF122242011F70F006EBDC4 /* CWPlaceHolder.m */ = {isa = PBXFileReference; fileEncoding = 4; lastKnownFileType = sourcecode.c.objc; path = CWPlaceHolder.m; sourceTree = "<group>"; };
		2DF122282011F750006EBDC4 /* CWPlaceHolder.h */ = {isa = PBXFileReference; fileEncoding = 4; lastKnownFileType = sourcecode.c.h; path = CWPlaceHolder.h; sourceTree = "<group>"; };
		2DF122292011F750006EBDC4 /* CWPlaceHolder.m */ = {isa = PBXFileReference; fileEncoding = 4; lastKnownFileType = sourcecode.c.objc; path = CWPlaceHolder.m; sourceTree = "<group>"; };
		2DF1222B2011F759006EBDC4 /* CWPlaceHolder.h */ = {isa = PBXFileReference; fileEncoding = 4; lastKnownFileType = sourcecode.c.h; path = CWPlaceHolder.h; sourceTree = "<group>"; };
		2DF1222C2011F759006EBDC4 /* CWPlaceHolder.m */ = {isa = PBXFileReference; fileEncoding = 4; lastKnownFileType = sourcecode.c.objc; path = CWPlaceHolder.m; sourceTree = "<group>"; };
		2DF1222F2011F762006EBDC4 /* CWPlaceHolder.h */ = {isa = PBXFileReference; fileEncoding = 4; lastKnownFileType = sourcecode.c.h; path = CWPlaceHolder.h; sourceTree = "<group>"; };
		2DF122302011F762006EBDC4 /* CWPlaceHolder.m */ = {isa = PBXFileReference; fileEncoding = 4; lastKnownFileType = sourcecode.c.objc; path = CWPlaceHolder.m; sourceTree = "<group>"; };
		2DF122322011F783006EBDC4 /* CWPlaceHolder.h */ = {isa = PBXFileReference; fileEncoding = 4; lastKnownFileType = sourcecode.c.h; path = CWPlaceHolder.h; sourceTree = "<group>"; };
		2DF122332011F783006EBDC4 /* CWPlaceHolder.m */ = {isa = PBXFileReference; fileEncoding = 4; lastKnownFileType = sourcecode.c.objc; path = CWPlaceHolder.m; sourceTree = "<group>"; };
/* End PBXFileReference section */

/* Begin PBXFrameworksBuildPhase section */
		2DF1217E2010991F006EBDC4 /* Frameworks */ = {
			isa = PBXFrameworksBuildPhase;
			buildActionMask = 2147483647;
			files = (
			);
			runOnlyForDeploymentPostprocessing = 0;
		};
		2DF121962010991F006EBDC4 /* Frameworks */ = {
			isa = PBXFrameworksBuildPhase;
			buildActionMask = 2147483647;
			files = (
			);
			runOnlyForDeploymentPostprocessing = 0;
		};
		2DF121A12010991F006EBDC4 /* Frameworks */ = {
			isa = PBXFrameworksBuildPhase;
			buildActionMask = 2147483647;
			files = (
			);
			runOnlyForDeploymentPostprocessing = 0;
		};
/* End PBXFrameworksBuildPhase section */

/* Begin PBXGroup section */
		2D05C59E203ACFC1003B9559 /* Core */ = {
			isa = PBXGroup;
			children = (
			);
			path = Core;
			sourceTree = "<group>";
		};
		2D05C59F203AD053003B9559 /* AFNetworking */ = {
			isa = PBXGroup;
			children = (
				2D05C5A9203AD053003B9559 /* AFNetworking.h */,
				2D05C5A2203AD053003B9559 /* AFURLSessionManager.h */,
				2D05C5A7203AD053003B9559 /* AFURLSessionManager.m */,
				2D05C5AC203AD053003B9559 /* AFHTTPSessionManager.h */,
				2D05C5A5203AD053003B9559 /* AFHTTPSessionManager.m */,
				2D05C5A3203AD053003B9559 /* AFURLRequestSerialization.h */,
				2D05C5A8203AD053003B9559 /* AFURLRequestSerialization.m */,
				2D05C5A6203AD053003B9559 /* AFURLResponseSerialization.h */,
				2D05C5A4203AD053003B9559 /* AFURLResponseSerialization.m */,
				2D05C5A1203AD053003B9559 /* AFNetworkReachabilityManager.h */,
				2D05C5AA203AD053003B9559 /* AFNetworkReachabilityManager.m */,
				2D05C5A0203AD053003B9559 /* AFSecurityPolicy.h */,
				2D05C5AB203AD053003B9559 /* AFSecurityPolicy.m */,
			);
			path = AFNetworking;
			sourceTree = "<group>";
		};
		2D05C5D1203BD6C8003B9559 /* CocoaAsyncSocket */ = {
			isa = PBXGroup;
			children = (
				2D05C5FC203BD79F003B9559 /* GCDAsyncSocket.h */,
				2D05C5FE203BD79F003B9559 /* GCDAsyncSocket.m */,
				2D05C5FD203BD79F003B9559 /* GCDAsyncUdpSocket.h */,
				2D05C5FF203BD79F003B9559 /* GCDAsyncUdpSocket.m */,
				2D05C5D8203BD6C8003B9559 /* CocoaAsyncSocket.h */,
			);
			path = CocoaAsyncSocket;
			sourceTree = "<group>";
		};
		2D1A2DC9202EB62200A65088 /* Resources */ = {
			isa = PBXGroup;
			children = (
				2D1A2DD5202F2D2C00A65088 /* Images.xcassets */,
				2D1A2DD72031E53100A65088 /* App.xcassets */,
			);
			path = Resources;
			sourceTree = "<group>";
		};
		2D1A2DD0202EDED300A65088 /* Supporting Files */ = {
			isa = PBXGroup;
			children = (
				2D1A2DD2202EDEED00A65088 /* Info.plist */,
				2D1A2DD1202EDEED00A65088 /* main.m */,
				2D7A60F82039286300443B9D /* CWApp-Prefix.pch */,
			);
			name = "Supporting Files";
			sourceTree = "<group>";
		};
		2D1A2DE42031E74200A65088 /* KxMenu */ = {
			isa = PBXGroup;
			children = (
				2D1A2DE52031E74200A65088 /* KxMenu.m */,
				2D1A2DE62031E74200A65088 /* KxMenu.h */,
			);
			path = KxMenu;
			sourceTree = "<group>";
		};
		2D1A2DE72031E74300A65088 /* RESideMenu */ = {
			isa = PBXGroup;
			children = (
				2D1A2DE82031E74300A65088 /* RESideMenu.h */,
				2D1A2DE92031E74300A65088 /* UIViewController+RESideMenu.m */,
				2D1A2DEA2031E74300A65088 /* RECommonFunctions.h */,
				2D1A2DEB2031E74300A65088 /* RESideMenu.m */,
				2D1A2DEC2031E74300A65088 /* UIViewController+RESideMenu.h */,
				2D1A2DED2031E74300A65088 /* RECommonFunctions.m */,
			);
			path = RESideMenu;
			sourceTree = "<group>";
		};
		2D9EACB6202C453600FD17ED /* CYLTabBarController */ = {
			isa = PBXGroup;
			children = (
				2D9EACB7202C453600FD17ED /* CYLConstants.h */,
				2D9EACB8202C453600FD17ED /* CYLPlusButton.h */,
				2D9EACB9202C453600FD17ED /* CYLPlusButton.m */,
				2D9EACBA202C453600FD17ED /* CYLTabBar.h */,
				2D9EACBB202C453600FD17ED /* CYLTabBar.m */,
				2D9EACBC202C453600FD17ED /* CYLTabBarController.h */,
				2D9EACBD202C453600FD17ED /* CYLTabBarController.m */,
				2D9EACBE202C453600FD17ED /* UIControl+CYLTabBarControllerExtention.h */,
				2D9EACBF202C453600FD17ED /* UIControl+CYLTabBarControllerExtention.m */,
				2D9EACC0202C453600FD17ED /* UITabBarItem+CYLTabBarControllerExtention.h */,
				2D9EACC1202C453600FD17ED /* UITabBarItem+CYLTabBarControllerExtention.m */,
				2D9EACC2202C453600FD17ED /* UIView+CYLTabBarControllerExtention.h */,
				2D9EACC3202C453600FD17ED /* UIView+CYLTabBarControllerExtention.m */,
				2D9EACC4202C453600FD17ED /* UIViewController+CYLTabBarControllerExtention.h */,
				2D9EACC5202C453600FD17ED /* UIViewController+CYLTabBarControllerExtention.m */,
			);
			path = CYLTabBarController;
			sourceTree = "<group>";
		};
		2DF121782010991F006EBDC4 = {
			isa = PBXGroup;
			children = (
				2DF121832010991F006EBDC4 /* CWApp */,
				2DF1219C2010991F006EBDC4 /* CWAppTests */,
				2DF121A72010991F006EBDC4 /* CWAppUITests */,
				2DF121822010991F006EBDC4 /* Products */,
			);
			sourceTree = "<group>";
		};
		2DF121822010991F006EBDC4 /* Products */ = {
			isa = PBXGroup;
			children = (
				2DF121812010991F006EBDC4 /* CWApp.app */,
				2DF121992010991F006EBDC4 /* CWAppTests.xctest */,
				2DF121A42010991F006EBDC4 /* CWAppUITests.xctest */,
			);
			name = Products;
			sourceTree = "<group>";
		};
		2DF121832010991F006EBDC4 /* CWApp */ = {
			isa = PBXGroup;
			children = (
				2DF121CF2011CFF5006EBDC4 /* App */,
				2DF121DF2011D1B4006EBDC4 /* Features */,
				2DF121B620109C4F006EBDC4 /* Common */,
				2DF121EC2011DA6D006EBDC4 /* Expand */,
				2DF121EB2011DA04006EBDC4 /* Vendors */,
				2D1A2DC9202EB62200A65088 /* Resources */,
				2D1A2DD0202EDED300A65088 /* Supporting Files */,
			);
			path = CWApp;
			sourceTree = "<group>";
		};
		2DF1219C2010991F006EBDC4 /* CWAppTests */ = {
			isa = PBXGroup;
			children = (
				2DF1219D2010991F006EBDC4 /* CWAppTests.m */,
				2DF1219F2010991F006EBDC4 /* Info.plist */,
			);
			path = CWAppTests;
			sourceTree = "<group>";
		};
		2DF121A72010991F006EBDC4 /* CWAppUITests */ = {
			isa = PBXGroup;
			children = (
				2DF121A82010991F006EBDC4 /* CWAppUITests.m */,
				2DF121AA2010991F006EBDC4 /* Info.plist */,
			);
			path = CWAppUITests;
			sourceTree = "<group>";
		};
		2DF121B620109C4F006EBDC4 /* Common */ = {
			isa = PBXGroup;
			children = (
				2D05C59E203ACFC1003B9559 /* Core */,
				2DF1222E2011F762006EBDC4 /* Model */,
				2DF121BF2011B8D3006EBDC4 /* Base */,
				2DF121BE2011B8D3006EBDC4 /* Utils */,
				2DF121BC2011B8D3006EBDC4 /* View */,
				2DF121BB2011B8D3006EBDC4 /* ViewController */,
			);
			path = Common;
			sourceTree = "<group>";
		};
		2DF121BB2011B8D3006EBDC4 /* ViewController */ = {
			isa = PBXGroup;
			children = (
				2DF1222B2011F759006EBDC4 /* CWPlaceHolder.h */,
				2DF1222C2011F759006EBDC4 /* CWPlaceHolder.m */,
			);
			path = ViewController;
			sourceTree = "<group>";
		};
		2DF121BC2011B8D3006EBDC4 /* View */ = {
			isa = PBXGroup;
			children = (
				2DF122282011F750006EBDC4 /* CWPlaceHolder.h */,
				2DF122292011F750006EBDC4 /* CWPlaceHolder.m */,
			);
			path = View;
			sourceTree = "<group>";
		};
		2DF121BE2011B8D3006EBDC4 /* Utils */ = {
			isa = PBXGroup;
			children = (
				2DF121C62011B93C006EBDC4 /* CWUtils.h */,
				2DF121C72011B93C006EBDC4 /* CWUtils.m */,
				2D7A60F0203877DA00443B9D /* CWUtilsMethod.h */,
				2D7A60F1203877DA00443B9D /* CWUtilsMethod.m */,
				2D7A60F42038784E00443B9D /* CWUtilsMacros.h */,
			);
			path = Utils;
			sourceTree = "<group>";
		};
		2DF121BF2011B8D3006EBDC4 /* Base */ = {
			isa = PBXGroup;
			children = (
				2DF121C02011B8ED006EBDC4 /* CWBaseViewController.h */,
				2DF121C12011B8ED006EBDC4 /* CWBaseViewController.m */,
				2DF121C32011B914006EBDC4 /* CWBaseNavigationController.h */,
				2DF121C42011B914006EBDC4 /* CWBaseNavigationController.m */,
				2DF121E52011D47F006EBDC4 /* CWBaseHomeViewController.h */,
				2DF121E62011D47F006EBDC4 /* CWBaseHomeViewController.m */,
			);
			path = Base;
			sourceTree = "<group>";
		};
		2DF121CF2011CFF5006EBDC4 /* App */ = {
			isa = PBXGroup;
			children = (
				2DF121D12011D05E006EBDC4 /* AppDelegate.h */,
				2DF121D02011D05E006EBDC4 /* AppDelegate.m */,
				2DF121D32011D0BE006EBDC4 /* CWNavigationController.h */,
				2DF121D42011D0BE006EBDC4 /* CWNavigationController.m */,
				2DF121DC2011D184006EBDC4 /* CWTabBarController.h */,
				2DF121DD2011D184006EBDC4 /* CWTabBarController.m */,
				2D1A2E062033E96E00A65088 /* CWSideMenuViewController.h */,
				2D1A2E072033E96E00A65088 /* CWSideMenuViewController.m */,
				2D1A2DDB2031E62400A65088 /* CWApp-Bridging-Header.h */,
			);
			path = App;
			sourceTree = "<group>";
		};
		2DF121DF2011D1B4006EBDC4 /* Features */ = {
			isa = PBXGroup;
			children = (
				2DF121E22011D29D006EBDC4 /* Home */,
				2DF121E12011D20D006EBDC4 /* Quotes */,
				2DF121E02011D1FF006EBDC4 /* Trade */,
				2DF121E42011D33C006EBDC4 /* Finance */,
				2DF121E32011D2CE006EBDC4 /* News */,
			);
			path = Features;
			sourceTree = "<group>";
		};
		2DF121E02011D1FF006EBDC4 /* Trade */ = {
			isa = PBXGroup;
			children = (
				2DF122072011F6FF006EBDC4 /* Model */,
				2DF1220A2011F6FF006EBDC4 /* View */,
				2DF122042011F6FF006EBDC4 /* ViewController */,
			);
			path = Trade;
			sourceTree = "<group>";
		};
		2DF121E12011D20D006EBDC4 /* Quotes */ = {
			isa = PBXGroup;
			children = (
				2DF121FB2011F6F3006EBDC4 /* Model */,
				2DF121F82011F6F3006EBDC4 /* View */,
				2DF121FE2011F6F3006EBDC4 /* ViewController */,
			);
			path = Quotes;
			sourceTree = "<group>";
		};
		2DF121E22011D29D006EBDC4 /* Home */ = {
			isa = PBXGroup;
			children = (
				2DF121E92011D9A7006EBDC4 /* Model */,
				2DF121EA2011D9A7006EBDC4 /* View */,
				2DF121E82011D9A7006EBDC4 /* ViewController */,
			);
			path = Home;
			sourceTree = "<group>";
		};
		2DF121E32011D2CE006EBDC4 /* News */ = {
			isa = PBXGroup;
			children = (
				2DF122222011F70F006EBDC4 /* Model */,
				2DF1221C2011F70F006EBDC4 /* View */,
				2DF1221F2011F70F006EBDC4 /* ViewController */,
			);
			path = News;
			sourceTree = "<group>";
		};
		2DF121E42011D33C006EBDC4 /* Finance */ = {
			isa = PBXGroup;
			children = (
				2DF122132011F707006EBDC4 /* Model */,
				2DF122102011F707006EBDC4 /* View */,
				2DF122162011F707006EBDC4 /* ViewController */,
			);
			path = Finance;
			sourceTree = "<group>";
		};
		2DF121E82011D9A7006EBDC4 /* ViewController */ = {
			isa = PBXGroup;
			children = (
				2D1A2DC6202EB4C900A65088 /* CWHomeMainViewController.h */,
				2D1A2DC5202EB4C900A65088 /* CWHomeMainViewController.m */,
			);
			path = ViewController;
			sourceTree = "<group>";
		};
		2DF121E92011D9A7006EBDC4 /* Model */ = {
			isa = PBXGroup;
			children = (
				2DF121EF2011F683006EBDC4 /* CWPlaceHolder.h */,
				2DF121F02011F683006EBDC4 /* CWPlaceHolder.m */,
			);
			path = Model;
			sourceTree = "<group>";
		};
		2DF121EA2011D9A7006EBDC4 /* View */ = {
			isa = PBXGroup;
			children = (
				2DF121F32011F6A3006EBDC4 /* CWPlaceHolder.h */,
				2DF121F22011F6A3006EBDC4 /* CWPlaceHolder.m */,
			);
			path = View;
			sourceTree = "<group>";
		};
		2DF121EB2011DA04006EBDC4 /* Vendors */ = {
			isa = PBXGroup;
			children = (
				2D05C5D1203BD6C8003B9559 /* CocoaAsyncSocket */,
				2D05C59F203AD053003B9559 /* AFNetworking */,
				2D1A2DE42031E74200A65088 /* KxMenu */,
				2D1A2DE72031E74300A65088 /* RESideMenu */,
				2D9EACB6202C453600FD17ED /* CYLTabBarController */,
			);
			path = Vendors;
			sourceTree = "<group>";
		};
		2DF121EC2011DA6D006EBDC4 /* Expand */ = {
			isa = PBXGroup;
			children = (
				2DF122322011F783006EBDC4 /* CWPlaceHolder.h */,
				2DF122332011F783006EBDC4 /* CWPlaceHolder.m */,
			);
			path = Expand;
			sourceTree = "<group>";
		};
		2DF121F82011F6F3006EBDC4 /* View */ = {
			isa = PBXGroup;
			children = (
				2DF121F92011F6F3006EBDC4 /* CWPlaceHolder.h */,
				2DF121FA2011F6F3006EBDC4 /* CWPlaceHolder.m */,
			);
			path = View;
			sourceTree = "<group>";
		};
		2DF121FB2011F6F3006EBDC4 /* Model */ = {
			isa = PBXGroup;
			children = (
				2DF121FC2011F6F3006EBDC4 /* CWPlaceHolder.h */,
				2DF121FD2011F6F3006EBDC4 /* CWPlaceHolder.m */,
			);
			path = Model;
			sourceTree = "<group>";
		};
		2DF121FE2011F6F3006EBDC4 /* ViewController */ = {
			isa = PBXGroup;
			children = (
				2DF121FF2011F6F3006EBDC4 /* CWPlaceHolder.h */,
				2DF122002011F6F3006EBDC4 /* CWPlaceHolder.m */,
			);
			path = ViewController;
			sourceTree = "<group>";
		};
		2DF122042011F6FF006EBDC4 /* ViewController */ = {
			isa = PBXGroup;
			children = (
				2DF122052011F6FF006EBDC4 /* CWPlaceHolder.h */,
				2DF122062011F6FF006EBDC4 /* CWPlaceHolder.m */,
			);
			path = ViewController;
			sourceTree = "<group>";
		};
		2DF122072011F6FF006EBDC4 /* Model */ = {
			isa = PBXGroup;
			children = (
				2DF122082011F6FF006EBDC4 /* CWPlaceHolder.h */,
				2DF122092011F6FF006EBDC4 /* CWPlaceHolder.m */,
			);
			path = Model;
			sourceTree = "<group>";
		};
		2DF1220A2011F6FF006EBDC4 /* View */ = {
			isa = PBXGroup;
			children = (
				2DF1220B2011F6FF006EBDC4 /* CWPlaceHolder.h */,
				2DF1220C2011F6FF006EBDC4 /* CWPlaceHolder.m */,
			);
			path = View;
			sourceTree = "<group>";
		};
		2DF122102011F707006EBDC4 /* View */ = {
			isa = PBXGroup;
			children = (
				2DF122112011F707006EBDC4 /* CWPlaceHolder.h */,
				2DF122122011F707006EBDC4 /* CWPlaceHolder.m */,
			);
			path = View;
			sourceTree = "<group>";
		};
		2DF122132011F707006EBDC4 /* Model */ = {
			isa = PBXGroup;
			children = (
				2DF122142011F707006EBDC4 /* CWPlaceHolder.h */,
				2DF122152011F707006EBDC4 /* CWPlaceHolder.m */,
			);
			path = Model;
			sourceTree = "<group>";
		};
		2DF122162011F707006EBDC4 /* ViewController */ = {
			isa = PBXGroup;
			children = (
				2DF122172011F707006EBDC4 /* CWPlaceHolder.h */,
				2DF122182011F707006EBDC4 /* CWPlaceHolder.m */,
			);
			path = ViewController;
			sourceTree = "<group>";
		};
		2DF1221C2011F70F006EBDC4 /* View */ = {
			isa = PBXGroup;
			children = (
				2DF1221D2011F70F006EBDC4 /* CWPlaceHolder.h */,
				2DF1221E2011F70F006EBDC4 /* CWPlaceHolder.m */,
			);
			path = View;
			sourceTree = "<group>";
		};
		2DF1221F2011F70F006EBDC4 /* ViewController */ = {
			isa = PBXGroup;
			children = (
				2DF122202011F70F006EBDC4 /* CWPlaceHolder.h */,
				2DF122212011F70F006EBDC4 /* CWPlaceHolder.m */,
			);
			path = ViewController;
			sourceTree = "<group>";
		};
		2DF122222011F70F006EBDC4 /* Model */ = {
			isa = PBXGroup;
			children = (
				2DF122232011F70F006EBDC4 /* CWPlaceHolder.h */,
				2DF122242011F70F006EBDC4 /* CWPlaceHolder.m */,
			);
			path = Model;
			sourceTree = "<group>";
		};
		2DF1222E2011F762006EBDC4 /* Model */ = {
			isa = PBXGroup;
			children = (
				2DF1222F2011F762006EBDC4 /* CWPlaceHolder.h */,
				2DF122302011F762006EBDC4 /* CWPlaceHolder.m */,
			);
			path = Model;
			sourceTree = "<group>";
		};
/* End PBXGroup section */

/* Begin PBXNativeTarget section */
		2DF121802010991F006EBDC4 /* CWApp */ = {
			isa = PBXNativeTarget;
			buildConfigurationList = 2DF121AD2010991F006EBDC4 /* Build configuration list for PBXNativeTarget "CWApp" */;
			buildPhases = (
				2DF1217D2010991F006EBDC4 /* Sources */,
				2DF1217E2010991F006EBDC4 /* Frameworks */,
				2DF1217F2010991F006EBDC4 /* Resources */,
			);
			buildRules = (
			);
			dependencies = (
			);
			name = CWApp;
			productName = CWApp;
			productReference = 2DF121812010991F006EBDC4 /* CWApp.app */;
			productType = "com.apple.product-type.application";
		};
		2DF121982010991F006EBDC4 /* CWAppTests */ = {
			isa = PBXNativeTarget;
			buildConfigurationList = 2DF121B02010991F006EBDC4 /* Build configuration list for PBXNativeTarget "CWAppTests" */;
			buildPhases = (
				2DF121952010991F006EBDC4 /* Sources */,
				2DF121962010991F006EBDC4 /* Frameworks */,
				2DF121972010991F006EBDC4 /* Resources */,
			);
			buildRules = (
			);
			dependencies = (
				2DF1219B2010991F006EBDC4 /* PBXTargetDependency */,
			);
			name = CWAppTests;
			productName = CWAppTests;
			productReference = 2DF121992010991F006EBDC4 /* CWAppTests.xctest */;
			productType = "com.apple.product-type.bundle.unit-test";
		};
		2DF121A32010991F006EBDC4 /* CWAppUITests */ = {
			isa = PBXNativeTarget;
			buildConfigurationList = 2DF121B32010991F006EBDC4 /* Build configuration list for PBXNativeTarget "CWAppUITests" */;
			buildPhases = (
				2DF121A02010991F006EBDC4 /* Sources */,
				2DF121A12010991F006EBDC4 /* Frameworks */,
				2DF121A22010991F006EBDC4 /* Resources */,
			);
			buildRules = (
			);
			dependencies = (
				2DF121A62010991F006EBDC4 /* PBXTargetDependency */,
			);
			name = CWAppUITests;
			productName = CWAppUITests;
			productReference = 2DF121A42010991F006EBDC4 /* CWAppUITests.xctest */;
			productType = "com.apple.product-type.bundle.ui-testing";
		};
/* End PBXNativeTarget section */

/* Begin PBXProject section */
		2DF121792010991F006EBDC4 /* Project object */ = {
			isa = PBXProject;
			attributes = {
				LastUpgradeCheck = 0920;
				ORGANIZATIONNAME = wangcw;
				TargetAttributes = {
					2DF121802010991F006EBDC4 = {
						CreatedOnToolsVersion = 9.1;
						ProvisioningStyle = Automatic;
					};
					2DF121982010991F006EBDC4 = {
						CreatedOnToolsVersion = 9.1;
						ProvisioningStyle = Automatic;
						TestTargetID = 2DF121802010991F006EBDC4;
					};
					2DF121A32010991F006EBDC4 = {
						CreatedOnToolsVersion = 9.1;
						ProvisioningStyle = Automatic;
						TestTargetID = 2DF121802010991F006EBDC4;
					};
				};
			};
			buildConfigurationList = 2DF1217C2010991F006EBDC4 /* Build configuration list for PBXProject "CWApp" */;
			compatibilityVersion = "Xcode 8.0";
			developmentRegion = en;
			hasScannedForEncodings = 0;
			knownRegions = (
				en,
				Base,
			);
			mainGroup = 2DF121782010991F006EBDC4;
			productRefGroup = 2DF121822010991F006EBDC4 /* Products */;
			projectDirPath = "";
			projectRoot = "";
			targets = (
				2DF121802010991F006EBDC4 /* CWApp */,
				2DF121982010991F006EBDC4 /* CWAppTests */,
				2DF121A32010991F006EBDC4 /* CWAppUITests */,
			);
		};
/* End PBXProject section */

/* Begin PBXResourcesBuildPhase section */
		2DF1217F2010991F006EBDC4 /* Resources */ = {
			isa = PBXResourcesBuildPhase;
			buildActionMask = 2147483647;
			files = (
				2D1A2DD6202F2D2C00A65088 /* Images.xcassets in Resources */,
				2D1A2DD82031E53100A65088 /* App.xcassets in Resources */,
			);
			runOnlyForDeploymentPostprocessing = 0;
		};
		2DF121972010991F006EBDC4 /* Resources */ = {
			isa = PBXResourcesBuildPhase;
			buildActionMask = 2147483647;
			files = (
			);
			runOnlyForDeploymentPostprocessing = 0;
		};
		2DF121A22010991F006EBDC4 /* Resources */ = {
			isa = PBXResourcesBuildPhase;
			buildActionMask = 2147483647;
			files = (
			);
			runOnlyForDeploymentPostprocessing = 0;
		};
/* End PBXResourcesBuildPhase section */

/* Begin PBXSourcesBuildPhase section */
		2DF1217D2010991F006EBDC4 /* Sources */ = {
			isa = PBXSourcesBuildPhase;
			buildActionMask = 2147483647;
			files = (
				2D05C5C5203AD054003B9559 /* AFURLRequestSerialization.m in Sources */,
				2D9EACC7202C453600FD17ED /* CYLTabBar.m in Sources */,
				2DF121C52011B914006EBDC4 /* CWBaseNavigationController.m in Sources */,
				2DF121D52011D0BE006EBDC4 /* CWNavigationController.m in Sources */,
				2D7A60F2203877DA00443B9D /* CWUtilsMethod.m in Sources */,
				2D9EACC9202C453600FD17ED /* UIControl+CYLTabBarControllerExtention.m in Sources */,
				2D05C600203BD79F003B9559 /* GCDAsyncSocket.m in Sources */,
				2DF1221A2011F707006EBDC4 /* CWPlaceHolder.m in Sources */,
				2D1A2DEF2031E74300A65088 /* UIViewController+RESideMenu.m in Sources */,
				2D1A2DF12031E74300A65088 /* RECommonFunctions.m in Sources */,
				2DF121C22011B8ED006EBDC4 /* CWBaseViewController.m in Sources */,
				2D05C5C6203AD054003B9559 /* AFNetworkReachabilityManager.m in Sources */,
				2D1A2E082033E96E00A65088 /* CWSideMenuViewController.m in Sources */,
				2D9EACC6202C453600FD17ED /* CYLPlusButton.m in Sources */,
				2D05C5C4203AD054003B9559 /* AFURLSessionManager.m in Sources */,
				2D1A2DEE2031E74300A65088 /* KxMenu.m in Sources */,
				2D05C5C3203AD054003B9559 /* AFHTTPSessionManager.m in Sources */,
				2DF121DE2011D184006EBDC4 /* CWTabBarController.m in Sources */,
				2DF121E72011D47F006EBDC4 /* CWBaseHomeViewController.m in Sources */,
				2D9EACCC202C453600FD17ED /* UIViewController+CYLTabBarControllerExtention.m in Sources */,
				2D05C601203BD79F003B9559 /* GCDAsyncUdpSocket.m in Sources */,
				2D9EACCA202C453600FD17ED /* UITabBarItem+CYLTabBarControllerExtention.m in Sources */,
				2D1A2DF02031E74300A65088 /* RESideMenu.m in Sources */,
				2D05C5C7203AD054003B9559 /* AFSecurityPolicy.m in Sources */,
				2D1A2DD3202EDEED00A65088 /* main.m in Sources */,
				2D9EACC8202C453600FD17ED /* CYLTabBarController.m in Sources */,
				2D9EACCB202C453600FD17ED /* UIView+CYLTabBarControllerExtention.m in Sources */,
				2D1A2DC7202EB4C900A65088 /* CWHomeMainViewController.m in Sources */,
				2DF121C82011B93C006EBDC4 /* CWUtils.m in Sources */,
				2D05C5C2203AD054003B9559 /* AFURLResponseSerialization.m in Sources */,
				2DF121D22011D05E006EBDC4 /* AppDelegate.m in Sources */,
			);
			runOnlyForDeploymentPostprocessing = 0;
		};
		2DF121952010991F006EBDC4 /* Sources */ = {
			isa = PBXSourcesBuildPhase;
			buildActionMask = 2147483647;
			files = (
				2DF1219E2010991F006EBDC4 /* CWAppTests.m in Sources */,
			);
			runOnlyForDeploymentPostprocessing = 0;
		};
		2DF121A02010991F006EBDC4 /* Sources */ = {
			isa = PBXSourcesBuildPhase;
			buildActionMask = 2147483647;
			files = (
				2DF121A92010991F006EBDC4 /* CWAppUITests.m in Sources */,
			);
			runOnlyForDeploymentPostprocessing = 0;
		};
/* End PBXSourcesBuildPhase section */

/* Begin PBXTargetDependency section */
		2DF1219B2010991F006EBDC4 /* PBXTargetDependency */ = {
			isa = PBXTargetDependency;
			target = 2DF121802010991F006EBDC4 /* CWApp */;
			targetProxy = 2DF1219A2010991F006EBDC4 /* PBXContainerItemProxy */;
		};
		2DF121A62010991F006EBDC4 /* PBXTargetDependency */ = {
			isa = PBXTargetDependency;
			target = 2DF121802010991F006EBDC4 /* CWApp */;
			targetProxy = 2DF121A52010991F006EBDC4 /* PBXContainerItemProxy */;
		};
/* End PBXTargetDependency section */

/* Begin XCBuildConfiguration section */
		2DF121AB2010991F006EBDC4 /* Debug */ = {
			isa = XCBuildConfiguration;
			buildSettings = {
				ALWAYS_SEARCH_USER_PATHS = NO;
				CLANG_ANALYZER_NONNULL = YES;
				CLANG_ANALYZER_NUMBER_OBJECT_CONVERSION = YES_AGGRESSIVE;
				CLANG_CXX_LANGUAGE_STANDARD = "gnu++14";
				CLANG_CXX_LIBRARY = "libc++";
				CLANG_ENABLE_MODULES = YES;
				CLANG_ENABLE_OBJC_ARC = YES;
				CLANG_WARN_BLOCK_CAPTURE_AUTORELEASING = YES;
				CLANG_WARN_BOOL_CONVERSION = YES;
				CLANG_WARN_COMMA = YES;
				CLANG_WARN_CONSTANT_CONVERSION = YES;
				CLANG_WARN_DIRECT_OBJC_ISA_USAGE = YES_ERROR;
				CLANG_WARN_DOCUMENTATION_COMMENTS = YES;
				CLANG_WARN_EMPTY_BODY = YES;
				CLANG_WARN_ENUM_CONVERSION = YES;
				CLANG_WARN_INFINITE_RECURSION = YES;
				CLANG_WARN_INT_CONVERSION = YES;
				CLANG_WARN_NON_LITERAL_NULL_CONVERSION = YES;
				CLANG_WARN_OBJC_LITERAL_CONVERSION = YES;
				CLANG_WARN_OBJC_ROOT_CLASS = YES_ERROR;
				CLANG_WARN_RANGE_LOOP_ANALYSIS = YES;
				CLANG_WARN_STRICT_PROTOTYPES = YES;
				CLANG_WARN_SUSPICIOUS_MOVE = YES;
				CLANG_WARN_UNGUARDED_AVAILABILITY = YES_AGGRESSIVE;
				CLANG_WARN_UNREACHABLE_CODE = YES;
				CLANG_WARN__DUPLICATE_METHOD_MATCH = YES;
				CODE_SIGN_IDENTITY = "iPhone Developer";
				COPY_PHASE_STRIP = NO;
				DEBUG_INFORMATION_FORMAT = dwarf;
				ENABLE_STRICT_OBJC_MSGSEND = YES;
				ENABLE_TESTABILITY = YES;
				GCC_C_LANGUAGE_STANDARD = gnu11;
				GCC_DYNAMIC_NO_PIC = NO;
				GCC_NO_COMMON_BLOCKS = YES;
				GCC_OPTIMIZATION_LEVEL = 0;
				GCC_PREPROCESSOR_DEFINITIONS = (
					"DEBUG=1",
					"$(inherited)",
				);
				GCC_WARN_64_TO_32_BIT_CONVERSION = YES;
				GCC_WARN_ABOUT_RETURN_TYPE = YES_ERROR;
				GCC_WARN_UNDECLARED_SELECTOR = YES;
				GCC_WARN_UNINITIALIZED_AUTOS = YES_AGGRESSIVE;
				GCC_WARN_UNUSED_FUNCTION = YES;
				GCC_WARN_UNUSED_VARIABLE = YES;
				IPHONEOS_DEPLOYMENT_TARGET = 8.0;
				MTL_ENABLE_DEBUG_INFO = YES;
				ONLY_ACTIVE_ARCH = YES;
				SDKROOT = iphoneos;
			};
			name = Debug;
		};
		2DF121AC2010991F006EBDC4 /* Release */ = {
			isa = XCBuildConfiguration;
			buildSettings = {
				ALWAYS_SEARCH_USER_PATHS = NO;
				CLANG_ANALYZER_NONNULL = YES;
				CLANG_ANALYZER_NUMBER_OBJECT_CONVERSION = YES_AGGRESSIVE;
				CLANG_CXX_LANGUAGE_STANDARD = "gnu++14";
				CLANG_CXX_LIBRARY = "libc++";
				CLANG_ENABLE_MODULES = YES;
				CLANG_ENABLE_OBJC_ARC = YES;
				CLANG_WARN_BLOCK_CAPTURE_AUTORELEASING = YES;
				CLANG_WARN_BOOL_CONVERSION = YES;
				CLANG_WARN_COMMA = YES;
				CLANG_WARN_CONSTANT_CONVERSION = YES;
				CLANG_WARN_DIRECT_OBJC_ISA_USAGE = YES_ERROR;
				CLANG_WARN_DOCUMENTATION_COMMENTS = YES;
				CLANG_WARN_EMPTY_BODY = YES;
				CLANG_WARN_ENUM_CONVERSION = YES;
				CLANG_WARN_INFINITE_RECURSION = YES;
				CLANG_WARN_INT_CONVERSION = YES;
				CLANG_WARN_NON_LITERAL_NULL_CONVERSION = YES;
				CLANG_WARN_OBJC_LITERAL_CONVERSION = YES;
				CLANG_WARN_OBJC_ROOT_CLASS = YES_ERROR;
				CLANG_WARN_RANGE_LOOP_ANALYSIS = YES;
				CLANG_WARN_STRICT_PROTOTYPES = YES;
				CLANG_WARN_SUSPICIOUS_MOVE = YES;
				CLANG_WARN_UNGUARDED_AVAILABILITY = YES_AGGRESSIVE;
				CLANG_WARN_UNREACHABLE_CODE = YES;
				CLANG_WARN__DUPLICATE_METHOD_MATCH = YES;
				CODE_SIGN_IDENTITY = "iPhone Developer";
				COPY_PHASE_STRIP = NO;
				DEBUG_INFORMATION_FORMAT = "dwarf-with-dsym";
				ENABLE_NS_ASSERTIONS = NO;
				ENABLE_STRICT_OBJC_MSGSEND = YES;
				GCC_C_LANGUAGE_STANDARD = gnu11;
				GCC_NO_COMMON_BLOCKS = YES;
				GCC_WARN_64_TO_32_BIT_CONVERSION = YES;
				GCC_WARN_ABOUT_RETURN_TYPE = YES_ERROR;
				GCC_WARN_UNDECLARED_SELECTOR = YES;
				GCC_WARN_UNINITIALIZED_AUTOS = YES_AGGRESSIVE;
				GCC_WARN_UNUSED_FUNCTION = YES;
				GCC_WARN_UNUSED_VARIABLE = YES;
				IPHONEOS_DEPLOYMENT_TARGET = 8.0;
				MTL_ENABLE_DEBUG_INFO = NO;
				SDKROOT = iphoneos;
				VALIDATE_PRODUCT = YES;
			};
			name = Release;
		};
		2DF121AE2010991F006EBDC4 /* Debug */ = {
			isa = XCBuildConfiguration;
			buildSettings = {
				ASSETCATALOG_COMPILER_APPICON_NAME = AppIcon;
				ASSETCATALOG_COMPILER_LAUNCHIMAGE_NAME = LaunchImage;
				CODE_SIGN_STYLE = Automatic;
				GCC_PRECOMPILE_PREFIX_HEADER = YES;
				GCC_PREFIX_HEADER = "$(SRCROOT)/$(PROJECT_NAME)/CWApp-Prefix.pch";
				INFOPLIST_FILE = CWApp/Info.plist;
				IPHONEOS_DEPLOYMENT_TARGET = 8.0;
				LD_RUNPATH_SEARCH_PATHS = "$(inherited) @executable_path/Frameworks";
				PRODUCT_BUNDLE_IDENTIFIER = com.wcw.CWApp;
				PRODUCT_NAME = "$(TARGET_NAME)";
				SWIFT_OBJC_BRIDGING_HEADER = "CWApp/App/CWApp-Bridging-Header.h";
				SWIFT_VERSION = 4.0;
				TARGETED_DEVICE_FAMILY = "1,2";
			};
			name = Debug;
		};
		2DF121AF2010991F006EBDC4 /* Release */ = {
			isa = XCBuildConfiguration;
			buildSettings = {
				ASSETCATALOG_COMPILER_APPICON_NAME = AppIcon;
				ASSETCATALOG_COMPILER_LAUNCHIMAGE_NAME = LaunchImage;
				CODE_SIGN_STYLE = Automatic;
				GCC_PRECOMPILE_PREFIX_HEADER = YES;
				GCC_PREFIX_HEADER = "$(SRCROOT)/$(PROJECT_NAME)/CWApp-Prefix.pch";
				INFOPLIST_FILE = CWApp/Info.plist;
				IPHONEOS_DEPLOYMENT_TARGET = 8.0;
				LD_RUNPATH_SEARCH_PATHS = "$(inherited) @executable_path/Frameworks";
				PRODUCT_BUNDLE_IDENTIFIER = com.wcw.CWApp;
				PRODUCT_NAME = "$(TARGET_NAME)";
				SWIFT_OBJC_BRIDGING_HEADER = "CWApp/App/CWApp-Bridging-Header.h";
				SWIFT_VERSION = 4.0;
				TARGETED_DEVICE_FAMILY = "1,2";
			};
			name = Release;
		};
		2DF121B12010991F006EBDC4 /* Debug */ = {
			isa = XCBuildConfiguration;
			buildSettings = {
				BUNDLE_LOADER = "$(TEST_HOST)";
				CODE_SIGN_STYLE = Automatic;
				INFOPLIST_FILE = CWAppTests/Info.plist;
				LD_RUNPATH_SEARCH_PATHS = "$(inherited) @executable_path/Frameworks @loader_path/Frameworks";
				PRODUCT_BUNDLE_IDENTIFIER = com.wcw.CWAppTests;
				PRODUCT_NAME = "$(TARGET_NAME)";
				TARGETED_DEVICE_FAMILY = "1,2";
				TEST_HOST = "$(BUILT_PRODUCTS_DIR)/CWApp.app/CWApp";
			};
			name = Debug;
		};
		2DF121B22010991F006EBDC4 /* Release */ = {
			isa = XCBuildConfiguration;
			buildSettings = {
				BUNDLE_LOADER = "$(TEST_HOST)";
				CODE_SIGN_STYLE = Automatic;
				INFOPLIST_FILE = CWAppTests/Info.plist;
				LD_RUNPATH_SEARCH_PATHS = "$(inherited) @executable_path/Frameworks @loader_path/Frameworks";
				PRODUCT_BUNDLE_IDENTIFIER = com.wcw.CWAppTests;
				PRODUCT_NAME = "$(TARGET_NAME)";
				TARGETED_DEVICE_FAMILY = "1,2";
				TEST_HOST = "$(BUILT_PRODUCTS_DIR)/CWApp.app/CWApp";
			};
			name = Release;
		};
		2DF121B42010991F006EBDC4 /* Debug */ = {
			isa = XCBuildConfiguration;
			buildSettings = {
				CODE_SIGN_STYLE = Automatic;
				INFOPLIST_FILE = CWAppUITests/Info.plist;
				LD_RUNPATH_SEARCH_PATHS = "$(inherited) @executable_path/Frameworks @loader_path/Frameworks";
				PRODUCT_BUNDLE_IDENTIFIER = com.wcw.CWAppUITests;
				PRODUCT_NAME = "$(TARGET_NAME)";
				TARGETED_DEVICE_FAMILY = "1,2";
				TEST_TARGET_NAME = CWApp;
			};
			name = Debug;
		};
		2DF121B52010991F006EBDC4 /* Release */ = {
			isa = XCBuildConfiguration;
			buildSettings = {
				CODE_SIGN_STYLE = Automatic;
				INFOPLIST_FILE = CWAppUITests/Info.plist;
				LD_RUNPATH_SEARCH_PATHS = "$(inherited) @executable_path/Frameworks @loader_path/Frameworks";
				PRODUCT_BUNDLE_IDENTIFIER = com.wcw.CWAppUITests;
				PRODUCT_NAME = "$(TARGET_NAME)";
				TARGETED_DEVICE_FAMILY = "1,2";
				TEST_TARGET_NAME = CWApp;
			};
			name = Release;
		};
/* End XCBuildConfiguration section */

/* Begin XCConfigurationList section */
		2DF1217C2010991F006EBDC4 /* Build configuration list for PBXProject "CWApp" */ = {
			isa = XCConfigurationList;
			buildConfigurations = (
				2DF121AB2010991F006EBDC4 /* Debug */,
				2DF121AC2010991F006EBDC4 /* Release */,
			);
			defaultConfigurationIsVisible = 0;
			defaultConfigurationName = Release;
		};
		2DF121AD2010991F006EBDC4 /* Build configuration list for PBXNativeTarget "CWApp" */ = {
			isa = XCConfigurationList;
			buildConfigurations = (
				2DF121AE2010991F006EBDC4 /* Debug */,
				2DF121AF2010991F006EBDC4 /* Release */,
			);
			defaultConfigurationIsVisible = 0;
			defaultConfigurationName = Release;
		};
		2DF121B02010991F006EBDC4 /* Build configuration list for PBXNativeTarget "CWAppTests" */ = {
			isa = XCConfigurationList;
			buildConfigurations = (
				2DF121B12010991F006EBDC4 /* Debug */,
				2DF121B22010991F006EBDC4 /* Release */,
			);
			defaultConfigurationIsVisible = 0;
			defaultConfigurationName = Release;
		};
		2DF121B32010991F006EBDC4 /* Build configuration list for PBXNativeTarget "CWAppUITests" */ = {
			isa = XCConfigurationList;
			buildConfigurations = (
				2DF121B42010991F006EBDC4 /* Debug */,
				2DF121B52010991F006EBDC4 /* Release */,
			);
			defaultConfigurationIsVisible = 0;
			defaultConfigurationName = Release;
		};
/* End XCConfigurationList section */
	};
	rootObject = 2DF121792010991F006EBDC4 /* Project object */;
}
